
Microsoft Visual Studio Solution File, Format Version 12.00
# Visual Studio 2013
VisualStudioVersion = 12.0.30501.0
MinimumVisualStudioVersion = 10.0.40219.1
Project("{FAE04EC0-301F-11D3-BF4B-00C04F79EFBC}") = "AMCDemo.Web", "AMCDemo.Web\AMCDemo.Web.csproj", "{78C211EC-BA6D-4474-949E-4923F73556C5}"
EndProject
Project("{2150E333-8FDC-42A3-9474-1A3956D46DE8}") = ".nuget", ".nuget", "{B7BDCAF4-4DFB-49D5-B212-2371CCDDF572}"
	ProjectSection(SolutionItems) = preProject
		.nuget\NuGet.Config = .nuget\NuGet.Config
		.nuget\NuGet.exe = .nuget\NuGet.exe
		.nuget\NuGet.targets = .nuget\NuGet.targets
	EndProjectSection
EndProject
Project("{2150E333-8FDC-42A3-9474-1A3956D46DE8}") = "Unit Tests", "Unit Tests", "{C190AEF3-17D8-4ED3-A60F-C1123C376E30}"
EndProject
Global
	GlobalSection(SolutionConfigurationPlatforms) = preSolution
		Debug|Any CPU = Debug|Any CPU
		Release|Any CPU = Release|Any CPU
	EndGlobalSection
	GlobalSection(ProjectConfigurationPlatforms) = postSolution
		{78C211EC-BA6D-4474-949E-4923F73556C5}.Debug|Any CPU.ActiveCfg = Debug|Any CPU
		{78C211EC-BA6D-4474-949E-4923F73556C5}.Debug|Any CPU.Build.0 = Debug|Any CPU
		{78C211EC-BA6D-4474-949E-4923F73556C5}.Release|Any CPU.ActiveCfg = Release|Any CPU
		{78C211EC-BA6D-4474-949E-4923F73556C5}.Release|Any CPU.Build.0 = Release|Any CPU
	EndGlobalSection
	GlobalSection(SolutionProperties) = preSolution
		HideSolutionNode = FALSE
	EndGlobalSection
EndGlobal
